
Microsoft Visual Studio Solution File, Format Version 12.00
# Visual Studio Version 17
VisualStudioVersion = 17.8.34330.188
MinimumVisualStudioVersion = 10.0.40219.1
Project("{D2ABAB84-BF74-430A-B69E-9DC6D40DDA17}") = "MultidimensionalProject_localdb", "MultidimensionalProject_localdb\MultidimensionalProject_localdb.dwproj", "{F1A75ACB-3CB5-4CC1-B065-A246A6D8F2E4}"
EndProject
Global
	GlobalSection(SolutionConfigurationPlatforms) = preSolution
		Development|Default = Development|Default
	EndGlobalSection
	GlobalSection(ProjectConfigurationPlatforms) = postSolution
		{F1A75ACB-3CB5-4CC1-B065-A246A6D8F2E4}.Development|Default.ActiveCfg = Development
		{F1A75ACB-3CB5-4CC1-B065-A246A6D8F2E4}.Development|Default.Build.0 = Development
		{F1A75ACB-3CB5-4CC1-B065-A246A6D8F2E4}.Development|Default.Deploy.0 = Development
	EndGlobalSection
	GlobalSection(SolutionProperties) = preSolution
		HideSolutionNode = FALSE
	EndGlobalSection
	GlobalSection(ExtensibilityGlobals) = postSolution
		SolutionGuid = {C55F2ADB-46D9-4DB5-B24A-3D7A8271BBDF}
	EndGlobalSection
EndGlobal
